{
  "lockfileVersion": 2,
  "configVersion": 1,
  "workspaces": {
    "": {
      "name": "omp-dingtalk",
      "devDependencies": {
        "@types/bun": "^1.4.2",
        "oxlint": "^0.16.0",
        "typescript": "^5.9.0",
      },
    },
  },
  "packages": {
    "@oxlint/darwin-arm64": ["@oxlint/darwin-arm64@0.16.12", "https://registry.npmmirror.com/@oxlint/darwin-arm64/-/darwin-arm64-0.16.12.tgz", { "os": "darwin", "cpu": "arm64" }, "sha512-G7phYhlIA4ke2nW7tHLl+E5+rvdzgGA6830D+e+y1RGllT0w2ONGdKcVTj+2pXGCw6yPmCC5fDsDEn2+RPTfxg=="],

    "@oxlint/darwin-x64": ["@oxlint/darwin-x64@0.16.12", "https://registry.npmmirror.com/@oxlint/darwin-x64/-/darwin-x64-0.16.12.tgz", { "os": "darwin", "cpu": "x64" }, "sha512-P/LSOgJ6SzQ3OKEIf3HsebgokZiZ5nDuTgIL4LpNCHlkOLDu/fT8XL9pSkR5y+60v0SOxUF/+aN0Q8EmxblrCw=="],

    "@oxlint/linux-arm64-gnu": ["@oxlint/linux-arm64-gnu@0.16.12", "https://registry.npmmirror.com/@oxlint/linux-arm64-gnu/-/linux-arm64-gnu-0.16.12.tgz", { "os": "linux", "cpu": "arm64" }, "sha512-0N/ZsW+cL7ZAUvOHbzMp3iApt5b/Q81q2e9RgEzkI6gUDCJK8/blWg0se/i6y9e24WH0ZC4bcxY1+Qz4ZQ+mFw=="],

    "@oxlint/linux-arm64-musl": ["@oxlint/linux-arm64-musl@0.16.12", "https://registry.npmmirror.com/@oxlint/linux-arm64-musl/-/linux-arm64-musl-0.16.12.tgz", { "os": "linux", "cpu": "arm64" }, "sha512-MoG1SIw4RGowsOsPjm5HjRWymisRZWBea7ewMoXA5xIVQ3eqECifG0KJW0OZp96Ad8DFBEavdlNuImB2uXsMwg=="],

    "@oxlint/linux-x64-gnu": ["@oxlint/linux-x64-gnu@0.16.12", "https://registry.npmmirror.com/@oxlint/linux-x64-gnu/-/linux-x64-gnu-0.16.12.tgz", { "os": "linux", "cpu": "x64" }, "sha512-STho8QdMLfn/0lqRU94tGPaYX8lGJccPbqeUcEr3eK5gZ5ZBdXmiHlvkcngXFEXksYC8/5VoJN7Vf3HsmkEskw=="],

    "@oxlint/linux-x64-musl": ["@oxlint/linux-x64-musl@0.16.12", "https://registry.npmmirror.com/@oxlint/linux-x64-musl/-/linux-x64-musl-0.16.12.tgz", { "os": "linux", "cpu": "x64" }, "sha512-i7pzSoj9nCg/ZzOe8dCZeFWyRRWDylR9tIX04xRTq3G6PBLm6i9VrOdEkxbgM9+pCkRzUc0a9D7rbtCF34TQUA=="],

    "@oxlint/win32-arm64": ["@oxlint/win32-arm64@0.16.12", "https://registry.npmmirror.com/@oxlint/win32-arm64/-/win32-arm64-0.16.12.tgz", { "os": "win32", "cpu": "arm64" }, "sha512-wcxq3IBJ7ZlONlXJxQM+7EMx+LX1nkz3ZS3R0EtDM76EOZaqe8BMkW5cXVhF8jarZTZC18oKAckW4Ng9d8adBg=="],

    "@oxlint/win32-x64": ["@oxlint/win32-x64@0.16.12", "https://registry.npmmirror.com/@oxlint/win32-x64/-/win32-x64-0.16.12.tgz", { "os": "win32", "cpu": "x64" }, "sha512-Ae1fx7wmAcMVqzS8rLINaFRpAdh29QzHh133bEYMHzfWBYyK/hLu9g4GLwC/lEIVQu9884b8qutGfdOk6Qia3w=="],

    "@types/bun": ["@types/bun@1.4.2", "https://registry.npmmirror.com/@types/bun/-/bun-1.4.2.tgz", { "dependencies": { "bun-types": "1.4.2" } }, "sha512-GimotNn7+ZV0uVArItBbriZsR1oNf0+WTzPkdcFrzShI7k2norL0uzEaJT8T33dWr7O/c9ZDuAFQrctKCi72oQ=="],

    "@types/node": ["@types/node@26.5.1", "https://registry.npmmirror.com/@types/node/-/node-26.5.1.tgz", { "dependencies": { "undici-types": "~8.9.0" } }, "sha512-CzNm2FezW4VR/LjG6yUdiEgLE/rAQ9Slj5gCu/C2VrdcW7I0ahNZ8DRbHT7zOZ6r3ONgd/bsQIeSaoDGrd1C6g=="],

    "bun-types": ["bun-types@1.4.2", "https://registry.npmmirror.com/bun-types/-/bun-types-1.4.2.tgz", { "dependencies": { "@types/node": "*" } }, "sha512-bxV1FgK7yBIzjRe5zBozIM4Bem11ZJcCXSrjWRG3YWLt8yFDePu4cLjpebO8OvPeIE9trbyPF4fuj3Cia4Fj3w=="],

    "oxlint": ["oxlint@0.16.12", "https://registry.npmmirror.com/oxlint/-/oxlint-0.16.12.tgz", { "optionalDependencies": { "@oxlint/darwin-arm64": "0.16.12", "@oxlint/darwin-x64": "0.16.12", "@oxlint/linux-arm64-gnu": "0.16.12", "@oxlint/linux-arm64-musl": "0.16.12", "@oxlint/linux-x64-gnu": "0.16.12", "@oxlint/linux-x64-musl": "0.16.12", "@oxlint/win32-arm64": "0.16.12", "@oxlint/win32-x64": "0.16.12" }, "bin": { "oxlint": "bin/oxlint", "oxc_language_server": "bin/oxc_language_server" } }, "sha512-1oN3P9bzE90zkbjLTc+uICVLwSR+eQaDaYVipS0BtmtmEd3ccQue0y7npCinb35YqKzIv1LZxhoU9nm5fgmQuw=="],

    "typescript": ["typescript@5.9.3", "https://registry.npmmirror.com/typescript/-/typescript-5.9.3.tgz", { "bin": { "tsc": "bin/tsc", "tsserver": "bin/tsserver" } }, "sha512-jl1vZzPDinLr9eUt3J/t7V6FgNEw9QjvBPdysz9KfQDD41fQrC2Y4vKQdiaUpFT4bXlb1RHhLpp8wtm6M5TgSw=="],

    "undici-types": ["undici-types@8.9.0", "https://registry.npmmirror.com/undici-types/-/undici-types-8.9.0.tgz", {}, "sha512-KTDyRTYX8sWmKXAikPHHSyc63CRPETMctyjKFupcC6OBLXT3xsN0e9aF7m+mIXutFWpUXuedtowG7iLOzp0kQg=="],
  }
}
